
Microsoft Visual Studio Solution File, Format Version 12.00
# Visual Studio 15
VisualStudioVersion = 15.0.27703.2047
MinimumVisualStudioVersion = 10.0.40219.1
Project("{8BC9CEB8-8B4A-11D0-8D11-00A0C91BC942}") = "TestETW", "TestETW\TestETW.vcxproj", "{97CBC12F-4547-4322-BA1D-102842B06DF0}"
EndProject
Global
	GlobalSection(SolutionConfigurationPlatforms) = preSolution
		Debug|x64 = Debug|x64
		Debug|x86 = Debug|x86
		Release|x64 = Release|x64
		Release|x86 = Release|x86
	EndGlobalSection
	GlobalSection(ProjectConfigurationPlatforms) = postSolution
		{97CBC12F-4547-4322-BA1D-102842B06DF0}.Debug|x64.ActiveCfg = Debug|x64
		{97CBC12F-4547-4322-BA1D-102842B06DF0}.Debug|x64.Build.0 = Debug|x64
		{97CBC12F-4547-4322-BA1D-102842B06DF0}.Debug|x86.ActiveCfg = Debug|Win32
		{97CBC12F-4547-4322-BA1D-102842B06DF0}.Debug|x86.Build.0 = Debug|Win32
		{97CBC12F-4547-4322-BA1D-102842B06DF0}.Release|x64.ActiveCfg = Release|x64
		{97CBC12F-4547-4322-BA1D-102842B06DF0}.Release|x64.Build.0 = Release|x64
		{97CBC12F-4547-4322-BA1D-102842B06DF0}.Release|x86.ActiveCfg = Release|Win32
		{97CBC12F-4547-4322-BA1D-102842B06DF0}.Release|x86.Build.0 = Release|Win32
	EndGlobalSection
	GlobalSection(SolutionProperties) = preSolution
		HideSolutionNode = FALSE
	EndGlobalSection
	GlobalSection(ExtensibilityGlobals) = postSolution
		SolutionGuid = {A5595AB3-2C8F-4CF7-B3DE-A7B18B3D9A98}
	EndGlobalSection
EndGlobal
